
Microsoft Visual Studio Solution File, Format Version 11.00
# Visual Studio 2010
Project("{FAE04EC0-301F-11D3-BF4B-00C04F79EFBC}") = "HR-SYSTEM", "HR-SYSTEM.csproj", "{DA39056D-857B-4FAE-8770-266AB8B9944F}"
EndProject
Global
	GlobalSection(SolutionConfigurationPlatforms) = preSolution
		Debug|Any CPU = Debug|Any CPU
		Release|Any CPU = Release|Any CPU
	EndGlobalSection
	GlobalSection(ProjectConfigurationPlatforms) = postSolution
		{DA39056D-857B-4FAE-8770-266AB8B9944F}.Debug|Any CPU.ActiveCfg = Debug|Any CPU
		{DA39056D-857B-4FAE-8770-266AB8B9944F}.Debug|Any CPU.Build.0 = Debug|Any CPU
		{DA39056D-857B-4FAE-8770-266AB8B9944F}.Release|Any CPU.ActiveCfg = Release|Any CPU
		{DA39056D-857B-4FAE-8770-266AB8B9944F}.Release|Any CPU.Build.0 = Release|Any CPU
	EndGlobalSection
	GlobalSection(SolutionProperties) = preSolution
		HideSolutionNode = FALSE
	EndGlobalSection
EndGlobal
